// !$*UTF8*$!
{
	archiveVersion = 1;
	classes = {
	};
	objectVersion = 46;
	objects = {

/* Begin PBXBuildFile section */
		6A84DD39A3F59E041E4A3D62 /* libPods-Exotic.a in Frameworks */ = {isa = PBXBuildFile; fileRef = 0E3E088EE7DD41D8383B8EE7 /* libPods-Exotic.a */; };
		A02722491DADE04000B9B1FC /* CodingStandardsViewController.m in Sources */ = {isa = PBXBuildFile; fileRef = A02722481DADE04000B9B1FC /* CodingStandardsViewController.m */; };
		A02722541DAF5B4400B9B1FC /* Model.xcdatamodeld in Sources */ = {isa = PBXBuildFile; fileRef = A02722521DAF5B4400B9B1FC /* Model.xcdatamodeld */; };
		A027225D1DAF5CF800B9B1FC /* User+CoreDataProperties.m in Sources */ = {isa = PBXBuildFile; fileRef = A02722561DAF5CF800B9B1FC /* User+CoreDataProperties.m */; };
		A027225E1DAF5CF800B9B1FC /* User.m in Sources */ = {isa = PBXBuildFile; fileRef = A02722581DAF5CF800B9B1FC /* User.m */; };
		A027225F1DAF5CF800B9B1FC /* Admin+CoreDataProperties.m in Sources */ = {isa = PBXBuildFile; fileRef = A027225A1DAF5CF800B9B1FC /* Admin+CoreDataProperties.m */; };
		A02722601DAF5CF800B9B1FC /* Admin.m in Sources */ = {isa = PBXBuildFile; fileRef = A027225C1DAF5CF800B9B1FC /* Admin.m */; };
		A02722621DAF5E1B00B9B1FC /* CoreData.framework in Frameworks */ = {isa = PBXBuildFile; fileRef = A02722611DAF5E1B00B9B1FC /* CoreData.framework */; };
		A02722661DAF5EB800B9B1FC /* CoreDataViewController.m in Sources */ = {isa = PBXBuildFile; fileRef = A02722651DAF5EB800B9B1FC /* CoreDataViewController.m */; };
		A02722691DAF8BF400B9B1FC /* myKVO.m in Sources */ = {isa = PBXBuildFile; fileRef = A02722681DAF8BF400B9B1FC /* myKVO.m */; };
		A0351B081D45C435006A671C /* TestBlockViewController.m in Sources */ = {isa = PBXBuildFile; fileRef = A0351B061D45C435006A671C /* TestBlockViewController.m */; };
		A0351B091D45C435006A671C /* TestBlockViewController.xib in Resources */ = {isa = PBXBuildFile; fileRef = A0351B071D45C435006A671C /* TestBlockViewController.xib */; };
		A0351B0C1D45CB49006A671C /* Task.m in Sources */ = {isa = PBXBuildFile; fileRef = A0351B0B1D45CB49006A671C /* Task.m */; };
		A0351B101D4602DB006A671C /* BViewController.m in Sources */ = {isa = PBXBuildFile; fileRef = A0351B0E1D4602DB006A671C /* BViewController.m */; };
		A0351B111D4602DB006A671C /* BViewController.xib in Resources */ = {isa = PBXBuildFile; fileRef = A0351B0F1D4602DB006A671C /* BViewController.xib */; };
		A04FF43D1D546642005CF59E /* CoreGraphicsViewController.m in Sources */ = {isa = PBXBuildFile; fileRef = A04FF43B1D546642005CF59E /* CoreGraphicsViewController.m */; };
		A04FF43E1D546642005CF59E /* CoreGraphicsViewController.xib in Resources */ = {isa = PBXBuildFile; fileRef = A04FF43C1D546642005CF59E /* CoreGraphicsViewController.xib */; };
		A06B45821D34ED2500C8E683 /* Exotic_AnimationExample.m in Sources */ = {isa = PBXBuildFile; fileRef = A06B457F1D34ED2500C8E683 /* Exotic_AnimationExample.m */; };
		A06B45831D34ED2500C8E683 /* Exotic_PageAnimationUtil.m in Sources */ = {isa = PBXBuildFile; fileRef = A06B45811D34ED2500C8E683 /* Exotic_PageAnimationUtil.m */; };
		A06B45871D34EE2A00C8E683 /* Exotic_HomeTableViewController.m in Sources */ = {isa = PBXBuildFile; fileRef = A06B45861D34EE2A00C8E683 /* Exotic_HomeTableViewController.m */; };
		A06B458B1D34EEB900C8E683 /* Exotic_MovieViewController.m in Sources */ = {isa = PBXBuildFile; fileRef = A06B458A1D34EEB900C8E683 /* Exotic_MovieViewController.m */; };
		A06B458D1D35C98E00C8E683 /* 02.mov in Resources */ = {isa = PBXBuildFile; fileRef = A06B458C1D35C98E00C8E683 /* 02.mov */; };
		A06EFDEB1D4F396700F484A2 /* GCDViewController.m in Sources */ = {isa = PBXBuildFile; fileRef = A06EFDE91D4F396700F484A2 /* GCDViewController.m */; };
		A06EFDEC1D4F396700F484A2 /* GCDViewController.xib in Resources */ = {isa = PBXBuildFile; fileRef = A06EFDEA1D4F396700F484A2 /* GCDViewController.xib */; };
		A06EFDEF1D4F513C00F484A2 /* NavigationViewController.m in Sources */ = {isa = PBXBuildFile; fileRef = A06EFDEE1D4F513C00F484A2 /* NavigationViewController.m */; };
		A06EFDF41D52F03400F484A2 /* OperaationViewController.m in Sources */ = {isa = PBXBuildFile; fileRef = A06EFDF21D52F03400F484A2 /* OperaationViewController.m */; };
		A06EFDF51D52F03400F484A2 /* OperaationViewController.xib in Resources */ = {isa = PBXBuildFile; fileRef = A06EFDF31D52F03400F484A2 /* OperaationViewController.xib */; };
		A08802A21D3C689B00696C05 /* Exotic_CollectionViewController.m in Sources */ = {isa = PBXBuildFile; fileRef = A08802A01D3C689B00696C05 /* Exotic_CollectionViewController.m */; };
		A08802A31D3C689B00696C05 /* Exotic_CollectionViewController.xib in Resources */ = {isa = PBXBuildFile; fileRef = A08802A11D3C689B00696C05 /* Exotic_CollectionViewController.xib */; };
		A09F16A91DB45E150065FD3A /* KVOViewController.m in Sources */ = {isa = PBXBuildFile; fileRef = A09F16A71DB45E150065FD3A /* KVOViewController.m */; };
		A09F16AA1DB45E150065FD3A /* KVOViewController.xib in Resources */ = {isa = PBXBuildFile; fileRef = A09F16A81DB45E150065FD3A /* KVOViewController.xib */; };
		A09F16AD1DB4C5B20065FD3A /* KVCViewController.m in Sources */ = {isa = PBXBuildFile; fileRef = A09F16AC1DB4C5B20065FD3A /* KVCViewController.m */; };
		A09F16B01DB5F42D0065FD3A /* README (1).md in Sources */ = {isa = PBXBuildFile; fileRef = A09F16AF1DB5F42D0065FD3A /* README (1).md */; };
		A09F16B51DB60C400065FD3A /* CBViewController.m in Sources */ = {isa = PBXBuildFile; fileRef = A09F16B21DB60C400065FD3A /* CBViewController.m */; };
		A09F16B61DB60C400065FD3A /* CBRectPositionController.m in Sources */ = {isa = PBXBuildFile; fileRef = A09F16B41DB60C400065FD3A /* CBRectPositionController.m */; };
		A09F16C01DB616F00065FD3A /* Main_iPhone.storyboard in Resources */ = {isa = PBXBuildFile; fileRef = A09F16B81DB616F00065FD3A /* Main_iPhone.storyboard */; };
		A09F16C11DB616F00065FD3A /* Main_iPad.storyboard in Resources */ = {isa = PBXBuildFile; fileRef = A09F16B91DB616F00065FD3A /* Main_iPad.storyboard */; };
		A09F16C21DB616F00065FD3A /* ViewController.m in Sources */ = {isa = PBXBuildFile; fileRef = A09F16BB1DB616F00065FD3A /* ViewController.m */; };
		A09F16C31DB616F00065FD3A /* KeyValueObserver.m in Sources */ = {isa = PBXBuildFile; fileRef = A09F16BD1DB616F00065FD3A /* KeyValueObserver.m */; };
		A09F16C41DB616F00065FD3A /* LabColor.m in Sources */ = {isa = PBXBuildFile; fileRef = A09F16BF1DB616F00065FD3A /* LabColor.m */; };
		A0C130821D3648DA0022BC72 /* HCKeyFrameAnimationView.m in Sources */ = {isa = PBXBuildFile; fileRef = A0C130801D3648DA0022BC72 /* HCKeyFrameAnimationView.m */; };
		A0C130831D3648DA0022BC72 /* HCKeyFrameAnimationView.xib in Resources */ = {isa = PBXBuildFile; fileRef = A0C130811D3648DA0022BC72 /* HCKeyFrameAnimationView.xib */; };
		A0C130861D3649370022BC72 /* Exotic_AnimationViewController.m in Sources */ = {isa = PBXBuildFile; fileRef = A0C130851D3649370022BC72 /* Exotic_AnimationViewController.m */; };
		AAC078251D30FCBE007D08B4 /* main.m in Sources */ = {isa = PBXBuildFile; fileRef = AAC078241D30FCBE007D08B4 /* main.m */; };
		AAC078281D30FCBE007D08B4 /* AppDelegate.m in Sources */ = {isa = PBXBuildFile; fileRef = AAC078271D30FCBE007D08B4 /* AppDelegate.m */; };
		AAC0782E1D30FCBE007D08B4 /* Main.storyboard in Resources */ = {isa = PBXBuildFile; fileRef = AAC0782C1D30FCBE007D08B4 /* Main.storyboard */; };
		AAC078301D30FCBE007D08B4 /* Assets.xcassets in Resources */ = {isa = PBXBuildFile; fileRef = AAC0782F1D30FCBE007D08B4 /* Assets.xcassets */; };
		AAC078331D30FCBE007D08B4 /* LaunchScreen.storyboard in Resources */ = {isa = PBXBuildFile; fileRef = AAC078311D30FCBE007D08B4 /* LaunchScreen.storyboard */; };
		AAC0783E1D30FCBE007D08B4 /* ExoticTests.m in Sources */ = {isa = PBXBuildFile; fileRef = AAC0783D1D30FCBE007D08B4 /* ExoticTests.m */; };
		AAC078491D30FCBE007D08B4 /* ExoticUITests.m in Sources */ = {isa = PBXBuildFile; fileRef = AAC078481D30FCBE007D08B4 /* ExoticUITests.m */; };
/* End PBXBuildFile section */

/* Begin PBXContainerItemProxy section */
		A04FF5AA1D548C0B005CF59E /* PBXContainerItemProxy */ = {
			isa = PBXContainerItemProxy;
			containerPortal = A04FF5A51D548C0B005CF59E /* 侧滑菜单.xcodeproj */;
			proxyType = 2;
			remoteGlobalIDString = DA8894071B53E3FF00B47DE7;
			remoteInfo = "侧滑菜单";
		};
		A04FF5AC1D548C0B005CF59E /* PBXContainerItemProxy */ = {
			isa = PBXContainerItemProxy;
			containerPortal = A04FF5A51D548C0B005CF59E /* 侧滑菜单.xcodeproj */;
			proxyType = 2;
			remoteGlobalIDString = DA8894201B53E3FF00B47DE7;
			remoteInfo = "侧滑菜单Tests";
		};
		AA6160CE1D54D63500259E44 /* PBXContainerItemProxy */ = {
			isa = PBXContainerItemProxy;
			containerPortal = AA6160CA1D54D63500259E44 /* YXCollectionView.xcodeproj */;
			proxyType = 2;
			remoteGlobalIDString = DADDB53E1BC911B00029AC56;
			remoteInfo = YXCollectionView;
		};
		AAC0783A1D30FCBE007D08B4 /* PBXContainerItemProxy */ = {
			isa = PBXContainerItemProxy;
			containerPortal = AAC078181D30FCBE007D08B4 /* Project object */;
			proxyType = 1;
			remoteGlobalIDString = AAC0781F1D30FCBE007D08B4;
			remoteInfo = Exotic;
		};
		AAC078451D30FCBE007D08B4 /* PBXContainerItemProxy */ = {
			isa = PBXContainerItemProxy;
			containerPortal = AAC078181D30FCBE007D08B4 /* Project object */;
			proxyType = 1;
			remoteGlobalIDString = AAC0781F1D30FCBE007D08B4;
			remoteInfo = Exotic;
		};
/* End PBXContainerItemProxy section */

/* Begin PBXFileReference section */
		0E3E088EE7DD41D8383B8EE7 /* libPods-Exotic.a */ = {isa = PBXFileReference; explicitFileType = archive.ar; includeInIndex = 0; path = "libPods-Exotic.a"; sourceTree = BUILT_PRODUCTS_DIR; };
		9AE7437BDF218427E4926252 /* Pods-Exotic.release.xcconfig */ = {isa = PBXFileReference; includeInIndex = 1; lastKnownFileType = text.xcconfig; name = "Pods-Exotic.release.xcconfig"; path = "Pods/Target Support Files/Pods-Exotic/Pods-Exotic.release.xcconfig"; sourceTree = "<group>"; };
		A02722471DADE04000B9B1FC /* CodingStandardsViewController.h */ = {isa = PBXFileReference; fileEncoding = 4; lastKnownFileType = sourcecode.c.h; path = CodingStandardsViewController.h; sourceTree = "<group>"; };
		A02722481DADE04000B9B1FC /* CodingStandardsViewController.m */ = {isa = PBXFileReference; fileEncoding = 4; lastKnownFileType = sourcecode.c.objc; path = CodingStandardsViewController.m; sourceTree = "<group>"; };
		A02722531DAF5B4400B9B1FC /* Model.xcdatamodel */ = {isa = PBXFileReference; lastKnownFileType = wrapper.xcdatamodel; path = Model.xcdatamodel; sourceTree = "<group>"; };
		A02722551DAF5CF800B9B1FC /* User+CoreDataProperties.h */ = {isa = PBXFileReference; fileEncoding = 4; lastKnownFileType = sourcecode.c.h; path = "User+CoreDataProperties.h"; sourceTree = "<group>"; };
		A02722561DAF5CF800B9B1FC /* User+CoreDataProperties.m */ = {isa = PBXFileReference; fileEncoding = 4; lastKnownFileType = sourcecode.c.objc; path = "User+CoreDataProperties.m"; sourceTree = "<group>"; };
		A02722571DAF5CF800B9B1FC /* User.h */ = {isa = PBXFileReference; fileEncoding = 4; lastKnownFileType = sourcecode.c.h; path = User.h; sourceTree = "<group>"; };
		A02722581DAF5CF800B9B1FC /* User.m */ = {isa = PBXFileReference; fileEncoding = 4; lastKnownFileType = sourcecode.c.objc; path = User.m; sourceTree = "<group>"; };
		A02722591DAF5CF800B9B1FC /* Admin+CoreDataProperties.h */ = {isa = PBXFileReference; fileEncoding = 4; lastKnownFileType = sourcecode.c.h; path = "Admin+CoreDataProperties.h"; sourceTree = "<group>"; };
		A027225A1DAF5CF800B9B1FC /* Admin+CoreDataProperties.m */ = {isa = PBXFileReference; fileEncoding = 4; lastKnownFileType = sourcecode.c.objc; path = "Admin+CoreDataProperties.m"; sourceTree = "<group>"; };
		A027225B1DAF5CF800B9B1FC /* Admin.h */ = {isa = PBXFileReference; fileEncoding = 4; lastKnownFileType = sourcecode.c.h; path = Admin.h; sourceTree = "<group>"; };
		A027225C1DAF5CF800B9B1FC /* Admin.m */ = {isa = PBXFileReference; fileEncoding = 4; lastKnownFileType = sourcecode.c.objc; path = Admin.m; sourceTree = "<group>"; };
		A02722611DAF5E1B00B9B1FC /* CoreData.framework */ = {isa = PBXFileReference; lastKnownFileType = wrapper.framework; name = CoreData.framework; path = System/Library/Frameworks/CoreData.framework; sourceTree = SDKROOT; };
		A02722641DAF5EB800B9B1FC /* CoreDataViewController.h */ = {isa = PBXFileReference; fileEncoding = 4; lastKnownFileType = sourcecode.c.h; path = CoreDataViewController.h; sourceTree = "<group>"; };
		A02722651DAF5EB800B9B1FC /* CoreDataViewController.m */ = {isa = PBXFileReference; fileEncoding = 4; lastKnownFileType = sourcecode.c.objc; path = CoreDataViewController.m; sourceTree = "<group>"; };
		A02722671DAF8BF400B9B1FC /* myKVO.h */ = {isa = PBXFileReference; fileEncoding = 4; lastKnownFileType = sourcecode.c.h; path = myKVO.h; sourceTree = "<group>"; };
		A02722681DAF8BF400B9B1FC /* myKVO.m */ = {isa = PBXFileReference; fileEncoding = 4; lastKnownFileType = sourcecode.c.objc; path = myKVO.m; sourceTree = "<group>"; };
		A0351B051D45C435006A671C /* TestBlockViewController.h */ = {isa = PBXFileReference; fileEncoding = 4; lastKnownFileType = sourcecode.c.h; path = TestBlockViewController.h; sourceTree = "<group>"; };
		A0351B061D45C435006A671C /* TestBlockViewController.m */ = {isa = PBXFileReference; fileEncoding = 4; lastKnownFileType = sourcecode.c.objc; path = TestBlockViewController.m; sourceTree = "<group>"; };
		A0351B071D45C435006A671C /* TestBlockViewController.xib */ = {isa = PBXFileReference; fileEncoding = 4; lastKnownFileType = file.xib; path = TestBlockViewController.xib; sourceTree = "<group>"; };
		A0351B0A1D45CB49006A671C /* Task.h */ = {isa = PBXFileReference; fileEncoding = 4; lastKnownFileType = sourcecode.c.h; path = Task.h; sourceTree = "<group>"; };
		A0351B0B1D45CB49006A671C /* Task.m */ = {isa = PBXFileReference; fileEncoding = 4; lastKnownFileType = sourcecode.c.objc; path = Task.m; sourceTree = "<group>"; };
		A0351B0D1D4602DB006A671C /* BViewController.h */ = {isa = PBXFileReference; fileEncoding = 4; lastKnownFileType = sourcecode.c.h; path = BViewController.h; sourceTree = "<group>"; };
		A0351B0E1D4602DB006A671C /* BViewController.m */ = {isa = PBXFileReference; fileEncoding = 4; lastKnownFileType = sourcecode.c.objc; path = BViewController.m; sourceTree = "<group>"; };
		A0351B0F1D4602DB006A671C /* BViewController.xib */ = {isa = PBXFileReference; fileEncoding = 4; lastKnownFileType = file.xib; path = BViewController.xib; sourceTree = "<group>"; };
		A04FF43A1D546642005CF59E /* CoreGraphicsViewController.h */ = {isa = PBXFileReference; fileEncoding = 4; lastKnownFileType = sourcecode.c.h; path = CoreGraphicsViewController.h; sourceTree = "<group>"; };
		A04FF43B1D546642005CF59E /* CoreGraphicsViewController.m */ = {isa = PBXFileReference; fileEncoding = 4; lastKnownFileType = sourcecode.c.objc; path = CoreGraphicsViewController.m; sourceTree = "<group>"; };
		A04FF43C1D546642005CF59E /* CoreGraphicsViewController.xib */ = {isa = PBXFileReference; fileEncoding = 4; lastKnownFileType = file.xib; path = CoreGraphicsViewController.xib; sourceTree = "<group>"; };
		A04FF5A51D548C0B005CF59E /* 侧滑菜单.xcodeproj */ = {isa = PBXFileReference; lastKnownFileType = "wrapper.pb-project"; name = "侧滑菜单.xcodeproj"; path = "侧滑菜单/侧滑菜单.xcodeproj"; sourceTree = "<group>"; };
		A06B457E1D34ED2500C8E683 /* Exotic_AnimationExample.h */ = {isa = PBXFileReference; fileEncoding = 4; lastKnownFileType = sourcecode.c.h; path = Exotic_AnimationExample.h; sourceTree = "<group>"; };
		A06B457F1D34ED2500C8E683 /* Exotic_AnimationExample.m */ = {isa = PBXFileReference; fileEncoding = 4; lastKnownFileType = sourcecode.c.objc; path = Exotic_AnimationExample.m; sourceTree = "<group>"; };
		A06B45801D34ED2500C8E683 /* Exotic_PageAnimationUtil.h */ = {isa = PBXFileReference; fileEncoding = 4; lastKnownFileType = sourcecode.c.h; path = Exotic_PageAnimationUtil.h; sourceTree = "<group>"; };
		A06B45811D34ED2500C8E683 /* Exotic_PageAnimationUtil.m */ = {isa = PBXFileReference; fileEncoding = 4; lastKnownFileType = sourcecode.c.objc; path = Exotic_PageAnimationUtil.m; sourceTree = "<group>"; };
		A06B45851D34EE2A00C8E683 /* Exotic_HomeTableViewController.h */ = {isa = PBXFileReference; fileEncoding = 4; lastKnownFileType = sourcecode.c.h; path = Exotic_HomeTableViewController.h; sourceTree = "<group>"; };
		A06B45861D34EE2A00C8E683 /* Exotic_HomeTableViewController.m */ = {isa = PBXFileReference; fileEncoding = 4; lastKnownFileType = sourcecode.c.objc; path = Exotic_HomeTableViewController.m; sourceTree = "<group>"; };
		A06B45891D34EEB900C8E683 /* Exotic_MovieViewController.h */ = {isa = PBXFileReference; fileEncoding = 4; lastKnownFileType = sourcecode.c.h; path = Exotic_MovieViewController.h; sourceTree = "<group>"; };
		A06B458A1D34EEB900C8E683 /* Exotic_MovieViewController.m */ = {isa = PBXFileReference; fileEncoding = 4; lastKnownFileType = sourcecode.c.objc; path = Exotic_MovieViewController.m; sourceTree = "<group>"; };
		A06B458C1D35C98E00C8E683 /* 02.mov */ = {isa = PBXFileReference; lastKnownFileType = video.quicktime; path = 02.mov; sourceTree = "<group>"; };
		A06EFDE81D4F396700F484A2 /* GCDViewController.h */ = {isa = PBXFileReference; fileEncoding = 4; lastKnownFileType = sourcecode.c.h; path = GCDViewController.h; sourceTree = "<group>"; };
		A06EFDE91D4F396700F484A2 /* GCDViewController.m */ = {isa = PBXFileReference; fileEncoding = 4; lastKnownFileType = sourcecode.c.objc; path = GCDViewController.m; sourceTree = "<group>"; };
		A06EFDEA1D4F396700F484A2 /* GCDViewController.xib */ = {isa = PBXFileReference; fileEncoding = 4; lastKnownFileType = file.xib; path = GCDViewController.xib; sourceTree = "<group>"; };
		A06EFDED1D4F513C00F484A2 /* NavigationViewController.h */ = {isa = PBXFileReference; fileEncoding = 4; lastKnownFileType = sourcecode.c.h; path = NavigationViewController.h; sourceTree = "<group>"; };
		A06EFDEE1D4F513C00F484A2 /* NavigationViewController.m */ = {isa = PBXFileReference; fileEncoding = 4; lastKnownFileType = sourcecode.c.objc; path = NavigationViewController.m; sourceTree = "<group>"; };
		A06EFDF11D52F03400F484A2 /* OperaationViewController.h */ = {isa = PBXFileReference; fileEncoding = 4; lastKnownFileType = sourcecode.c.h; path = OperaationViewController.h; sourceTree = "<group>"; };
		A06EFDF21D52F03400F484A2 /* OperaationViewController.m */ = {isa = PBXFileReference; fileEncoding = 4; lastKnownFileType = sourcecode.c.objc; path = OperaationViewController.m; sourceTree = "<group>"; };
		A06EFDF31D52F03400F484A2 /* OperaationViewController.xib */ = {isa = PBXFileReference; fileEncoding = 4; lastKnownFileType = file.xib; path = OperaationViewController.xib; sourceTree = "<group>"; };
		A088029F1D3C689B00696C05 /* Exotic_CollectionViewController.h */ = {isa = PBXFileReference; fileEncoding = 4; lastKnownFileType = sourcecode.c.h; path = Exotic_CollectionViewController.h; sourceTree = "<group>"; };
		A08802A01D3C689B00696C05 /* Exotic_CollectionViewController.m */ = {isa = PBXFileReference; fileEncoding = 4; lastKnownFileType = sourcecode.c.objc; path = Exotic_CollectionViewController.m; sourceTree = "<group>"; };
		A08802A11D3C689B00696C05 /* Exotic_CollectionViewController.xib */ = {isa = PBXFileReference; fileEncoding = 4; lastKnownFileType = file.xib; path = Exotic_CollectionViewController.xib; sourceTree = "<group>"; };
		A09F16A61DB45E150065FD3A /* KVOViewController.h */ = {isa = PBXFileReference; fileEncoding = 4; lastKnownFileType = sourcecode.c.h; path = KVOViewController.h; sourceTree = "<group>"; };
		A09F16A71DB45E150065FD3A /* KVOViewController.m */ = {isa = PBXFileReference; fileEncoding = 4; lastKnownFileType = sourcecode.c.objc; path = KVOViewController.m; sourceTree = "<group>"; };
		A09F16A81DB45E150065FD3A /* KVOViewController.xib */ = {isa = PBXFileReference; fileEncoding = 4; lastKnownFileType = file.xib; path = KVOViewController.xib; sourceTree = "<group>"; };
		A09F16AB1DB4C5B20065FD3A /* KVCViewController.h */ = {isa = PBXFileReference; fileEncoding = 4; lastKnownFileType = sourcecode.c.h; path = KVCViewController.h; sourceTree = "<group>"; };
		A09F16AC1DB4C5B20065FD3A /* KVCViewController.m */ = {isa = PBXFileReference; fileEncoding = 4; lastKnownFileType = sourcecode.c.objc; path = KVCViewController.m; sourceTree = "<group>"; };
		A09F16AF1DB5F42D0065FD3A /* README (1).md */ = {isa = PBXFileReference; fileEncoding = 4; lastKnownFileType = net.daringfireball.markdown; path = "README (1).md"; sourceTree = "<group>"; };
		A09F16B11DB60C400065FD3A /* CBViewController.h */ = {isa = PBXFileReference; fileEncoding = 4; lastKnownFileType = sourcecode.c.h; path = CBViewController.h; sourceTree = "<group>"; };
		A09F16B21DB60C400065FD3A /* CBViewController.m */ = {isa = PBXFileReference; fileEncoding = 4; lastKnownFileType = sourcecode.c.objc; path = CBViewController.m; sourceTree = "<group>"; };
		A09F16B31DB60C400065FD3A /* CBRectPositionController.h */ = {isa = PBXFileReference; fileEncoding = 4; lastKnownFileType = sourcecode.c.h; path = CBRectPositionController.h; sourceTree = "<group>"; };
		A09F16B41DB60C400065FD3A /* CBRectPositionController.m */ = {isa = PBXFileReference; fileEncoding = 4; lastKnownFileType = sourcecode.c.objc; path = CBRectPositionController.m; sourceTree = "<group>"; };
		A09F16B81DB616F00065FD3A /* Main_iPhone.storyboard */ = {isa = PBXFileReference; fileEncoding = 4; lastKnownFileType = file.storyboard; path = Main_iPhone.storyboard; sourceTree = "<group>"; };
		A09F16B91DB616F00065FD3A /* Main_iPad.storyboard */ = {isa = PBXFileReference; fileEncoding = 4; lastKnownFileType = file.storyboard; path = Main_iPad.storyboard; sourceTree = "<group>"; };
		A09F16BA1DB616F00065FD3A /* ViewController.h */ = {isa = PBXFileReference; fileEncoding = 4; lastKnownFileType = sourcecode.c.h; path = ViewController.h; sourceTree = "<group>"; };
		A09F16BB1DB616F00065FD3A /* ViewController.m */ = {isa = PBXFileReference; fileEncoding = 4; lastKnownFileType = sourcecode.c.objc; path = ViewController.m; sourceTree = "<group>"; };
		A09F16BC1DB616F00065FD3A /* KeyValueObserver.h */ = {isa = PBXFileReference; fileEncoding = 4; lastKnownFileType = sourcecode.c.h; path = KeyValueObserver.h; sourceTree = "<group>"; };
		A09F16BD1DB616F00065FD3A /* KeyValueObserver.m */ = {isa = PBXFileReference; fileEncoding = 4; lastKnownFileType = sourcecode.c.objc; path = KeyValueObserver.m; sourceTree = "<group>"; };
		A09F16BE1DB616F00065FD3A /* LabColor.h */ = {isa = PBXFileReference; fileEncoding = 4; lastKnownFileType = sourcecode.c.h; path = LabColor.h; sourceTree = "<group>"; };
		A09F16BF1DB616F00065FD3A /* LabColor.m */ = {isa = PBXFileReference; fileEncoding = 4; lastKnownFileType = sourcecode.c.objc; path = LabColor.m; sourceTree = "<group>"; };
		A0C1307F1D3648DA0022BC72 /* HCKeyFrameAnimationView.h */ = {isa = PBXFileReference; fileEncoding = 4; lastKnownFileType = sourcecode.c.h; path = HCKeyFrameAnimationView.h; sourceTree = "<group>"; };
		A0C130801D3648DA0022BC72 /* HCKeyFrameAnimationView.m */ = {isa = PBXFileReference; fileEncoding = 4; lastKnownFileType = sourcecode.c.objc; path = HCKeyFrameAnimationView.m; sourceTree = "<group>"; };
		A0C130811D3648DA0022BC72 /* HCKeyFrameAnimationView.xib */ = {isa = PBXFileReference; fileEncoding = 4; lastKnownFileType = file.xib; path = HCKeyFrameAnimationView.xib; sourceTree = "<group>"; };
		A0C130841D3649370022BC72 /* Exotic_AnimationViewController.h */ = {isa = PBXFileReference; fileEncoding = 4; lastKnownFileType = sourcecode.c.h; path = Exotic_AnimationViewController.h; sourceTree = "<group>"; };
		A0C130851D3649370022BC72 /* Exotic_AnimationViewController.m */ = {isa = PBXFileReference; fileEncoding = 4; lastKnownFileType = sourcecode.c.objc; path = Exotic_AnimationViewController.m; sourceTree = "<group>"; };
		AA6160CA1D54D63500259E44 /* YXCollectionView.xcodeproj */ = {isa = PBXFileReference; lastKnownFileType = "wrapper.pb-project"; name = YXCollectionView.xcodeproj; path = YXCollectionView/YXCollectionView.xcodeproj; sourceTree = "<group>"; };
		AAC078201D30FCBE007D08B4 /* Exotic.app */ = {isa = PBXFileReference; explicitFileType = wrapper.application; includeInIndex = 0; path = Exotic.app; sourceTree = BUILT_PRODUCTS_DIR; };
		AAC078241D30FCBE007D08B4 /* main.m */ = {isa = PBXFileReference; lastKnownFileType = sourcecode.c.objc; path = main.m; sourceTree = "<group>"; };
		AAC078261D30FCBE007D08B4 /* AppDelegate.h */ = {isa = PBXFileReference; lastKnownFileType = sourcecode.c.h; path = AppDelegate.h; sourceTree = "<group>"; };
		AAC078271D30FCBE007D08B4 /* AppDelegate.m */ = {isa = PBXFileReference; lastKnownFileType = sourcecode.c.objc; path = AppDelegate.m; sourceTree = "<group>"; };
		AAC0782D1D30FCBE007D08B4 /* Base */ = {isa = PBXFileReference; lastKnownFileType = file.storyboard; name = Base; path = Base.lproj/Main.storyboard; sourceTree = "<group>"; };
		AAC0782F1D30FCBE007D08B4 /* Assets.xcassets */ = {isa = PBXFileReference; lastKnownFileType = folder.assetcatalog; path = Assets.xcassets; sourceTree = "<group>"; };
		AAC078321D30FCBE007D08B4 /* Base */ = {isa = PBXFileReference; lastKnownFileType = file.storyboard; name = Base; path = Base.lproj/LaunchScreen.storyboard; sourceTree = "<group>"; };
		AAC078341D30FCBE007D08B4 /* Info.plist */ = {isa = PBXFileReference; lastKnownFileType = text.plist.xml; path = Info.plist; sourceTree = "<group>"; };
		AAC078391D30FCBE007D08B4 /* ExoticTests.xctest */ = {isa = PBXFileReference; explicitFileType = wrapper.cfbundle; includeInIndex = 0; path = ExoticTests.xctest; sourceTree = BUILT_PRODUCTS_DIR; };
		AAC0783D1D30FCBE007D08B4 /* ExoticTests.m */ = {isa = PBXFileReference; lastKnownFileType = sourcecode.c.objc; path = ExoticTests.m; sourceTree = "<group>"; };
		AAC0783F1D30FCBE007D08B4 /* Info.plist */ = {isa = PBXFileReference; lastKnownFileType = text.plist.xml; path = Info.plist; sourceTree = "<group>"; };
		AAC078441D30FCBE007D08B4 /* ExoticUITests.xctest */ = {isa = PBXFileReference; explicitFileType = wrapper.cfbundle; includeInIndex = 0; path = ExoticUITests.xctest; sourceTree = BUILT_PRODUCTS_DIR; };
		AAC078481D30FCBE007D08B4 /* ExoticUITests.m */ = {isa = PBXFileReference; lastKnownFileType = sourcecode.c.objc; path = ExoticUITests.m; sourceTree = "<group>"; };
		AAC0784A1D30FCBE007D08B4 /* Info.plist */ = {isa = PBXFileReference; lastKnownFileType = text.plist.xml; path = Info.plist; sourceTree = "<group>"; };
		E8D1EAF1A3442246743C016A /* Pods-Exotic.debug.xcconfig */ = {isa = PBXFileReference; includeInIndex = 1; lastKnownFileType = text.xcconfig; name = "Pods-Exotic.debug.xcconfig"; path = "Pods/Target Support Files/Pods-Exotic/Pods-Exotic.debug.xcconfig"; sourceTree = "<group>"; };
/* End PBXFileReference section */

/* Begin PBXFrameworksBuildPhase section */
		AAC0781D1D30FCBE007D08B4 /* Frameworks */ = {
			isa = PBXFrameworksBuildPhase;
			buildActionMask = 2147483647;
			files = (
				A02722621DAF5E1B00B9B1FC /* CoreData.framework in Frameworks */,
				6A84DD39A3F59E041E4A3D62 /* libPods-Exotic.a in Frameworks */,
			);
			runOnlyForDeploymentPostprocessing = 0;
		};
		AAC078361D30FCBE007D08B4 /* Frameworks */ = {
			isa = PBXFrameworksBuildPhase;
			buildActionMask = 2147483647;
			files = (
			);
			runOnlyForDeploymentPostprocessing = 0;
		};
		AAC078411D30FCBE007D08B4 /* Frameworks */ = {
			isa = PBXFrameworksBuildPhase;
			buildActionMask = 2147483647;
			files = (
			);
			runOnlyForDeploymentPostprocessing = 0;
		};
/* End PBXFrameworksBuildPhase section */

/* Begin PBXGroup section */
		187D87CD690D3BE6A3F85945 /* Pods */ = {
			isa = PBXGroup;
			children = (
				E8D1EAF1A3442246743C016A /* Pods-Exotic.debug.xcconfig */,
				9AE7437BDF218427E4926252 /* Pods-Exotic.release.xcconfig */,
			);
			name = Pods;
			sourceTree = "<group>";
		};
		A02722431DADDF9E00B9B1FC /* Coding standards */ = {
			isa = PBXGroup;
			children = (
				A02722471DADE04000B9B1FC /* CodingStandardsViewController.h */,
				A02722481DADE04000B9B1FC /* CodingStandardsViewController.m */,
			);
			name = "Coding standards";
			sourceTree = "<group>";
		};
		A02722631DAF5E9F00B9B1FC /* CoreData */ = {
			isa = PBXGroup;
			children = (
				A02722641DAF5EB800B9B1FC /* CoreDataViewController.h */,
				A02722651DAF5EB800B9B1FC /* CoreDataViewController.m */,
			);
			name = CoreData;
			sourceTree = "<group>";
		};
		A0351B041D45C406006A671C /* TestBlock */ = {
			isa = PBXGroup;
			children = (
				A0351B051D45C435006A671C /* TestBlockViewController.h */,
				A0351B061D45C435006A671C /* TestBlockViewController.m */,
				A0351B071D45C435006A671C /* TestBlockViewController.xib */,
				A0351B0D1D4602DB006A671C /* BViewController.h */,
				A0351B0E1D4602DB006A671C /* BViewController.m */,
				A0351B0F1D4602DB006A671C /* BViewController.xib */,
				A0351B0A1D45CB49006A671C /* Task.h */,
				A0351B0B1D45CB49006A671C /* Task.m */,
			);
			name = TestBlock;
			path = Home;
			sourceTree = "<group>";
		};
		A04FF4391D546618005CF59E /* CoreGraphics */ = {
			isa = PBXGroup;
			children = (
				A04FF43A1D546642005CF59E /* CoreGraphicsViewController.h */,
				A04FF43B1D546642005CF59E /* CoreGraphicsViewController.m */,
				A04FF43C1D546642005CF59E /* CoreGraphicsViewController.xib */,
			);
			name = CoreGraphics;
			sourceTree = "<group>";
		};
		A04FF5A61D548C0B005CF59E /* Products */ = {
			isa = PBXGroup;
			children = (
				A04FF5AB1D548C0B005CF59E /* 侧滑菜单.app */,
				A04FF5AD1D548C0B005CF59E /* 侧滑菜单Tests.xctest */,
			);
			name = Products;
			sourceTree = "<group>";
		};
		A06B457D1D34ED2500C8E683 /* Animation */ = {
			isa = PBXGroup;
			children = (
				A0C130881D3649660022BC72 /* Controller */,
				A0C130871D36494F0022BC72 /* View */,
			);
			path = Animation;
			sourceTree = "<group>";
		};
		A06B45841D34EE2A00C8E683 /* Home */ = {
			isa = PBXGroup;
			children = (
				A088029E1D3C687E00696C05 /* Collection */,
				A06B45851D34EE2A00C8E683 /* Exotic_HomeTableViewController.h */,
				A06B45861D34EE2A00C8E683 /* Exotic_HomeTableViewController.m */,
			);
			path = Home;
			sourceTree = "<group>";
		};
		A06B45881D34EE8900C8E683 /* MoviePlayer */ = {
			isa = PBXGroup;
			children = (
				A06B45891D34EEB900C8E683 /* Exotic_MovieViewController.h */,
				A06B458A1D34EEB900C8E683 /* Exotic_MovieViewController.m */,
			);
			path = MoviePlayer;
			sourceTree = "<group>";
		};
		A06EFDE71D4F388100F484A2 /* GCD */ = {
			isa = PBXGroup;
			children = (
				A06EFDE81D4F396700F484A2 /* GCDViewController.h */,
				A06EFDE91D4F396700F484A2 /* GCDViewController.m */,
				A06EFDEA1D4F396700F484A2 /* GCDViewController.xib */,
			);
			name = GCD;
			sourceTree = "<group>";
		};
		A06EFDF01D52EF2800F484A2 /* Operation */ = {
			isa = PBXGroup;
			children = (
				A06EFDF11D52F03400F484A2 /* OperaationViewController.h */,
				A06EFDF21D52F03400F484A2 /* OperaationViewController.m */,
				A06EFDF31D52F03400F484A2 /* OperaationViewController.xib */,
			);
			name = Operation;
			sourceTree = "<group>";
		};
		A088029E1D3C687E00696C05 /* Collection */ = {
			isa = PBXGroup;
			children = (
				A088029F1D3C689B00696C05 /* Exotic_CollectionViewController.h */,
				A08802A01D3C689B00696C05 /* Exotic_CollectionViewController.m */,
				A08802A11D3C689B00696C05 /* Exotic_CollectionViewController.xib */,
			);
			name = Collection;
			path = ../Animation;
			sourceTree = "<group>";
		};
		A09F16A21DB45CEB0065FD3A /* KVO */ = {
			isa = PBXGroup;
			children = (
				A09F16B71DB616DB0065FD3A /* Lab Color Space Explorer */,
				A02722671DAF8BF400B9B1FC /* myKVO.h */,
				A02722681DAF8BF400B9B1FC /* myKVO.m */,
				A09F16A61DB45E150065FD3A /* KVOViewController.h */,
				A09F16A71DB45E150065FD3A /* KVOViewController.m */,
				A09F16A81DB45E150065FD3A /* KVOViewController.xib */,
				A09F16B11DB60C400065FD3A /* CBViewController.h */,
				A09F16B21DB60C400065FD3A /* CBViewController.m */,
				A09F16B31DB60C400065FD3A /* CBRectPositionController.h */,
				A09F16B41DB60C400065FD3A /* CBRectPositionController.m */,
			);
			name = KVO;
			sourceTree = "<group>";
		};
		A09F16AE1DB4C5BB0065FD3A /* KVC */ = {
			isa = PBXGroup;
			children = (
				A09F16AB1DB4C5B20065FD3A /* KVCViewController.h */,
				A09F16AC1DB4C5B20065FD3A /* KVCViewController.m */,
			);
			name = KVC;
			sourceTree = "<group>";
		};
		A09F16B71DB616DB0065FD3A /* Lab Color Space Explorer */ = {
			isa = PBXGroup;
			children = (
				A09F16B81DB616F00065FD3A /* Main_iPhone.storyboard */,
				A09F16B91DB616F00065FD3A /* Main_iPad.storyboard */,
				A09F16BA1DB616F00065FD3A /* ViewController.h */,
				A09F16BB1DB616F00065FD3A /* ViewController.m */,
				A09F16BC1DB616F00065FD3A /* KeyValueObserver.h */,
				A09F16BD1DB616F00065FD3A /* KeyValueObserver.m */,
				A09F16BE1DB616F00065FD3A /* LabColor.h */,
				A09F16BF1DB616F00065FD3A /* LabColor.m */,
			);
			name = "Lab Color Space Explorer";
			sourceTree = "<group>";
		};
		A0C130871D36494F0022BC72 /* View */ = {
			isa = PBXGroup;
			children = (
				A06B45801D34ED2500C8E683 /* Exotic_PageAnimationUtil.h */,
				A06B45811D34ED2500C8E683 /* Exotic_PageAnimationUtil.m */,
				A0C1307F1D3648DA0022BC72 /* HCKeyFrameAnimationView.h */,
				A0C130801D3648DA0022BC72 /* HCKeyFrameAnimationView.m */,
				A0C130811D3648DA0022BC72 /* HCKeyFrameAnimationView.xib */,
			);
			name = View;
			sourceTree = "<group>";
		};
		A0C130881D3649660022BC72 /* Controller */ = {
			isa = PBXGroup;
			children = (
				A06B457E1D34ED2500C8E683 /* Exotic_AnimationExample.h */,
				A06B457F1D34ED2500C8E683 /* Exotic_AnimationExample.m */,
				A0C130841D3649370022BC72 /* Exotic_AnimationViewController.h */,
				A0C130851D3649370022BC72 /* Exotic_AnimationViewController.m */,
			);
			name = Controller;
			sourceTree = "<group>";
		};
		AA6160CB1D54D63500259E44 /* Products */ = {
			isa = PBXGroup;
			children = (
				AA6160CF1D54D63500259E44 /* YXCollectionView.app */,
			);
			name = Products;
			sourceTree = "<group>";
		};
		AAC078171D30FCBD007D08B4 = {
			isa = PBXGroup;
			children = (
				A09F16AF1DB5F42D0065FD3A /* README (1).md */,
				AA6160CA1D54D63500259E44 /* YXCollectionView.xcodeproj */,
				A04FF5A51D548C0B005CF59E /* 侧滑菜单.xcodeproj */,
				AAC078221D30FCBE007D08B4 /* Exotic */,
				AAC0783C1D30FCBE007D08B4 /* ExoticTests */,
				AAC078471D30FCBE007D08B4 /* ExoticUITests */,
				AAC078211D30FCBE007D08B4 /* Products */,
				187D87CD690D3BE6A3F85945 /* Pods */,
				B98E954D400EDDBB313E48E4 /* Frameworks */,
			);
			sourceTree = "<group>";
		};
		AAC078211D30FCBE007D08B4 /* Products */ = {
			isa = PBXGroup;
			children = (
				AAC078201D30FCBE007D08B4 /* Exotic.app */,
				AAC078391D30FCBE007D08B4 /* ExoticTests.xctest */,
				AAC078441D30FCBE007D08B4 /* ExoticUITests.xctest */,
			);
			name = Products;
			sourceTree = "<group>";
		};
		AAC078221D30FCBE007D08B4 /* Exotic */ = {
			isa = PBXGroup;
			children = (
				A09F16AE1DB4C5BB0065FD3A /* KVC */,
				A09F16A21DB45CEB0065FD3A /* KVO */,
				AAC078261D30FCBE007D08B4 /* AppDelegate.h */,
				AAC078271D30FCBE007D08B4 /* AppDelegate.m */,
				A02722431DADDF9E00B9B1FC /* Coding standards */,
				A06B45841D34EE2A00C8E683 /* Home */,
				A04FF4391D546618005CF59E /* CoreGraphics */,
				A06EFDF01D52EF2800F484A2 /* Operation */,
				A06EFDE71D4F388100F484A2 /* GCD */,
				A0351B041D45C406006A671C /* TestBlock */,
				A06B457D1D34ED2500C8E683 /* Animation */,
				A06B45881D34EE8900C8E683 /* MoviePlayer */,
				A02722631DAF5E9F00B9B1FC /* CoreData */,
				AAC0782C1D30FCBE007D08B4 /* Main.storyboard */,
				AAC0782F1D30FCBE007D08B4 /* Assets.xcassets */,
				AAC078311D30FCBE007D08B4 /* LaunchScreen.storyboard */,
				AAC078341D30FCBE007D08B4 /* Info.plist */,
				AAC078231D30FCBE007D08B4 /* Supporting Files */,
				A06EFDED1D4F513C00F484A2 /* NavigationViewController.h */,
				A06EFDEE1D4F513C00F484A2 /* NavigationViewController.m */,
				A02722521DAF5B4400B9B1FC /* Model.xcdatamodeld */,
				A02722551DAF5CF800B9B1FC /* User+CoreDataProperties.h */,
				A02722561DAF5CF800B9B1FC /* User+CoreDataProperties.m */,
				A02722571DAF5CF800B9B1FC /* User.h */,
				A02722581DAF5CF800B9B1FC /* User.m */,
				A02722591DAF5CF800B9B1FC /* Admin+CoreDataProperties.h */,
				A027225A1DAF5CF800B9B1FC /* Admin+CoreDataProperties.m */,
				A027225B1DAF5CF800B9B1FC /* Admin.h */,
				A027225C1DAF5CF800B9B1FC /* Admin.m */,
			);
			path = Exotic;
			sourceTree = "<group>";
		};
		AAC078231D30FCBE007D08B4 /* Supporting Files */ = {
			isa = PBXGroup;
			children = (
				A06B458C1D35C98E00C8E683 /* 02.mov */,
				AAC078241D30FCBE007D08B4 /* main.m */,
			);
			name = "Supporting Files";
			sourceTree = "<group>";
		};
		AAC0783C1D30FCBE007D08B4 /* ExoticTests */ = {
			isa = PBXGroup;
			children = (
				AAC0783D1D30FCBE007D08B4 /* ExoticTests.m */,
				AAC0783F1D30FCBE007D08B4 /* Info.plist */,
			);
			path = ExoticTests;
			sourceTree = "<group>";
		};
		AAC078471D30FCBE007D08B4 /* ExoticUITests */ = {
			isa = PBXGroup;
			children = (
				AAC078481D30FCBE007D08B4 /* ExoticUITests.m */,
				AAC0784A1D30FCBE007D08B4 /* Info.plist */,
			);
			path = ExoticUITests;
			sourceTree = "<group>";
		};
		B98E954D400EDDBB313E48E4 /* Frameworks */ = {
			isa = PBXGroup;
			children = (
				A02722611DAF5E1B00B9B1FC /* CoreData.framework */,
				0E3E088EE7DD41D8383B8EE7 /* libPods-Exotic.a */,
			);
			name = Frameworks;
			sourceTree = "<group>";
		};
/* End PBXGroup section */

/* Begin PBXNativeTarget section */
		AAC0781F1D30FCBE007D08B4 /* Exotic */ = {
			isa = PBXNativeTarget;
			buildConfigurationList = AAC0784D1D30FCBE007D08B4 /* Build configuration list for PBXNativeTarget "Exotic" */;
			buildPhases = (
				93D18205B36B009D63FA9E1A /* 📦 Check Pods Manifest.lock */,
				AAC0781D1D30FCBE007D08B4 /* Frameworks */,
				AAC0781C1D30FCBE007D08B4 /* Sources */,
				AAC0781E1D30FCBE007D08B4 /* Resources */,
				3AF608EE50F8D253812A5084 /* 📦 Embed Pods Frameworks */,
				FECF394C11DD819C192D270A /* 📦 Copy Pods Resources */,
			);
			buildRules = (
			);
			dependencies = (
			);
			name = Exotic;
			productName = Exotic;
			productReference = AAC078201D30FCBE007D08B4 /* Exotic.app */;
			productType = "com.apple.product-type.application";
		};
		AAC078381D30FCBE007D08B4 /* ExoticTests */ = {
			isa = PBXNativeTarget;
			buildConfigurationList = AAC078501D30FCBE007D08B4 /* Build configuration list for PBXNativeTarget "ExoticTests" */;
			buildPhases = (
				AAC078351D30FCBE007D08B4 /* Sources */,
				AAC078361D30FCBE007D08B4 /* Frameworks */,
				AAC078371D30FCBE007D08B4 /* Resources */,
			);
			buildRules = (
			);
			dependencies = (
				AAC0783B1D30FCBE007D08B4 /* PBXTargetDependency */,
			);
			name = ExoticTests;
			productName = ExoticTests;
			productReference = AAC078391D30FCBE007D08B4 /* ExoticTests.xctest */;
			productType = "com.apple.product-type.bundle.unit-test";
		};
		AAC078431D30FCBE007D08B4 /* ExoticUITests */ = {
			isa = PBXNativeTarget;
			buildConfigurationList = AAC078531D30FCBE007D08B4 /* Build configuration list for PBXNativeTarget "ExoticUITests" */;
			buildPhases = (
				AAC078401D30FCBE007D08B4 /* Sources */,
				AAC078411D30FCBE007D08B4 /* Frameworks */,
				AAC078421D30FCBE007D08B4 /* Resources */,
			);
			buildRules = (
			);
			dependencies = (
				AAC078461D30FCBE007D08B4 /* PBXTargetDependency */,
			);
			name = ExoticUITests;
			productName = ExoticUITests;
			productReference = AAC078441D30FCBE007D08B4 /* ExoticUITests.xctest */;
			productType = "com.apple.product-type.bundle.ui-testing";
		};
/* End PBXNativeTarget section */

/* Begin PBXProject section */
		AAC078181D30FCBE007D08B4 /* Project object */ = {
			isa = PBXProject;
			attributes = {
				LastUpgradeCheck = 0730;
				ORGANIZATIONNAME = "陈维维";
				TargetAttributes = {
					AAC0781F1D30FCBE007D08B4 = {
						CreatedOnToolsVersion = 7.3.1;
					};
					AAC078381D30FCBE007D08B4 = {
						CreatedOnToolsVersion = 7.3.1;
						TestTargetID = AAC0781F1D30FCBE007D08B4;
					};
					AAC078431D30FCBE007D08B4 = {
						CreatedOnToolsVersion = 7.3.1;
						TestTargetID = AAC0781F1D30FCBE007D08B4;
					};
				};
			};
			buildConfigurationList = AAC0781B1D30FCBE007D08B4 /* Build configuration list for PBXProject "Exotic" */;
			compatibilityVersion = "Xcode 3.2";
			developmentRegion = English;
			hasScannedForEncodings = 0;
			knownRegions = (
				en,
				Base,
			);
			mainGroup = AAC078171D30FCBD007D08B4;
			productRefGroup = AAC078211D30FCBE007D08B4 /* Products */;
			projectDirPath = "";
			projectReferences = (
				{
					ProductGroup = AA6160CB1D54D63500259E44 /* Products */;
					ProjectRef = AA6160CA1D54D63500259E44 /* YXCollectionView.xcodeproj */;
				},
				{
					ProductGroup = A04FF5A61D548C0B005CF59E /* Products */;
					ProjectRef = A04FF5A51D548C0B005CF59E /* 侧滑菜单.xcodeproj */;
				},
			);
			projectRoot = "";
			targets = (
				AAC0781F1D30FCBE007D08B4 /* Exotic */,
				AAC078381D30FCBE007D08B4 /* ExoticTests */,
				AAC078431D30FCBE007D08B4 /* ExoticUITests */,
			);
		};
/* End PBXProject section */

/* Begin PBXReferenceProxy section */
		A04FF5AB1D548C0B005CF59E /* 侧滑菜单.app */ = {
			isa = PBXReferenceProxy;
			fileType = wrapper.application;
			path = "侧滑菜单.app";
			remoteRef = A04FF5AA1D548C0B005CF59E /* PBXContainerItemProxy */;
			sourceTree = BUILT_PRODUCTS_DIR;
		};
		A04FF5AD1D548C0B005CF59E /* 侧滑菜单Tests.xctest */ = {
			isa = PBXReferenceProxy;
			fileType = wrapper.cfbundle;
			path = "侧滑菜单Tests.xctest";
			remoteRef = A04FF5AC1D548C0B005CF59E /* PBXContainerItemProxy */;
			sourceTree = BUILT_PRODUCTS_DIR;
		};
		AA6160CF1D54D63500259E44 /* YXCollectionView.app */ = {
			isa = PBXReferenceProxy;
			fileType = wrapper.application;
			path = YXCollectionView.app;
			remoteRef = AA6160CE1D54D63500259E44 /* PBXContainerItemProxy */;
			sourceTree = BUILT_PRODUCTS_DIR;
		};
/* End PBXReferenceProxy section */

/* Begin PBXResourcesBuildPhase section */
		AAC0781E1D30FCBE007D08B4 /* Resources */ = {
			isa = PBXResourcesBuildPhase;
			buildActionMask = 2147483647;
			files = (
				A0C130831D3648DA0022BC72 /* HCKeyFrameAnimationView.xib in Resources */,
				A06B458D1D35C98E00C8E683 /* 02.mov in Resources */,
				A04FF43E1D546642005CF59E /* CoreGraphicsViewController.xib in Resources */,
				A0351B091D45C435006A671C /* TestBlockViewController.xib in Resources */,
				A09F16C01DB616F00065FD3A /* Main_iPhone.storyboard in Resources */,
				A09F16C11DB616F00065FD3A /* Main_iPad.storyboard in Resources */,
				A06EFDEC1D4F396700F484A2 /* GCDViewController.xib in Resources */,
				AAC078331D30FCBE007D08B4 /* LaunchScreen.storyboard in Resources */,
				AAC078301D30FCBE007D08B4 /* Assets.xcassets in Resources */,
				A0351B111D4602DB006A671C /* BViewController.xib in Resources */,
				A08802A31D3C689B00696C05 /* Exotic_CollectionViewController.xib in Resources */,
				A09F16AA1DB45E150065FD3A /* KVOViewController.xib in Resources */,
				A06EFDF51D52F03400F484A2 /* OperaationViewController.xib in Resources */,
				AAC0782E1D30FCBE007D08B4 /* Main.storyboard in Resources */,
			);
			runOnlyForDeploymentPostprocessing = 0;
		};
		AAC078371D30FCBE007D08B4 /* Resources */ = {
			isa = PBXResourcesBuildPhase;
			buildActionMask = 2147483647;
			files = (
			);
			runOnlyForDeploymentPostprocessing = 0;
		};
		AAC078421D30FCBE007D08B4 /* Resources */ = {
			isa = PBXResourcesBuildPhase;
			buildActionMask = 2147483647;
			files = (
			);
			runOnlyForDeploymentPostprocessing = 0;
		};
/* End PBXResourcesBuildPhase section */

/* Begin PBXShellScriptBuildPhase section */
		3AF608EE50F8D253812A5084 /* 📦 Embed Pods Frameworks */ = {
			isa = PBXShellScriptBuildPhase;
			buildActionMask = 2147483647;
			files = (
			);
			inputPaths = (
			);
			name = "📦 Embed Pods Frameworks";
			outputPaths = (
			);
			runOnlyForDeploymentPostprocessing = 0;
			shellPath = /bin/sh;
			shellScript = "\"${SRCROOT}/Pods/Target Support Files/Pods-Exotic/Pods-Exotic-frameworks.sh\"\n";
			showEnvVarsInLog = 0;
		};
		93D18205B36B009D63FA9E1A /* 📦 Check Pods Manifest.lock */ = {
			isa = PBXShellScriptBuildPhase;
			buildActionMask = 2147483647;
			files = (
			);
			inputPaths = (
			);
			name = "📦 Check Pods Manifest.lock";
			outputPaths = (
			);
			runOnlyForDeploymentPostprocessing = 0;
			shellPath = /bin/sh;
			shellScript = "diff \"${PODS_ROOT}/../Podfile.lock\" \"${PODS_ROOT}/Manifest.lock\" > /dev/null\nif [[ $? != 0 ]] ; then\n    cat << EOM\nerror: The sandbox is not in sync with the Podfile.lock. Run 'pod install' or update your CocoaPods installation.\nEOM\n    exit 1\nfi\n";
			showEnvVarsInLog = 0;
		};
		FECF394C11DD819C192D270A /* 📦 Copy Pods Resources */ = {
			isa = PBXShellScriptBuildPhase;
			buildActionMask = 2147483647;
			files = (
			);
			inputPaths = (
			);
			name = "📦 Copy Pods Resources";
			outputPaths = (
			);
			runOnlyForDeploymentPostprocessing = 0;
			shellPath = /bin/sh;
			shellScript = "\"${SRCROOT}/Pods/Target Support Files/Pods-Exotic/Pods-Exotic-resources.sh\"\n";
			showEnvVarsInLog = 0;
		};
/* End PBXShellScriptBuildPhase section */

/* Begin PBXSourcesBuildPhase section */
		AAC0781C1D30FCBE007D08B4 /* Sources */ = {
			isa = PBXSourcesBuildPhase;
			buildActionMask = 2147483647;
			files = (
				A02722691DAF8BF400B9B1FC /* myKVO.m in Sources */,
				A09F16B51DB60C400065FD3A /* CBViewController.m in Sources */,
				A09F16AD1DB4C5B20065FD3A /* KVCViewController.m in Sources */,
				A02722661DAF5EB800B9B1FC /* CoreDataViewController.m in Sources */,
				A027225E1DAF5CF800B9B1FC /* User.m in Sources */,
				A027225F1DAF5CF800B9B1FC /* Admin+CoreDataProperties.m in Sources */,
				A04FF43D1D546642005CF59E /* CoreGraphicsViewController.m in Sources */,
				A0C130821D3648DA0022BC72 /* HCKeyFrameAnimationView.m in Sources */,
				A0351B101D4602DB006A671C /* BViewController.m in Sources */,
				A09F16B01DB5F42D0065FD3A /* README (1).md in Sources */,
				A06EFDEF1D4F513C00F484A2 /* NavigationViewController.m in Sources */,
				A06B45821D34ED2500C8E683 /* Exotic_AnimationExample.m in Sources */,
				A02722541DAF5B4400B9B1FC /* Model.xcdatamodeld in Sources */,
				A0C130861D3649370022BC72 /* Exotic_AnimationViewController.m in Sources */,
				A0351B0C1D45CB49006A671C /* Task.m in Sources */,
				A06B45831D34ED2500C8E683 /* Exotic_PageAnimationUtil.m in Sources */,
				A09F16C31DB616F00065FD3A /* KeyValueObserver.m in Sources */,
				A0351B081D45C435006A671C /* TestBlockViewController.m in Sources */,
				A027225D1DAF5CF800B9B1FC /* User+CoreDataProperties.m in Sources */,
				A09F16C41DB616F00065FD3A /* LabColor.m in Sources */,
				A02722601DAF5CF800B9B1FC /* Admin.m in Sources */,
				AAC078281D30FCBE007D08B4 /* AppDelegate.m in Sources */,
				A02722491DADE04000B9B1FC /* CodingStandardsViewController.m in Sources */,
				A09F16B61DB60C400065FD3A /* CBRectPositionController.m in Sources */,
				A06B45871D34EE2A00C8E683 /* Exotic_HomeTableViewController.m in Sources */,
				A09F16A91DB45E150065FD3A /* KVOViewController.m in Sources */,
				A09F16C21DB616F00065FD3A /* ViewController.m in Sources */,
				A06EFDEB1D4F396700F484A2 /* GCDViewController.m in Sources */,
				A08802A21D3C689B00696C05 /* Exotic_CollectionViewController.m in Sources */,
				AAC078251D30FCBE007D08B4 /* main.m in Sources */,
				A06EFDF41D52F03400F484A2 /* OperaationViewController.m in Sources */,
				A06B458B1D34EEB900C8E683 /* Exotic_MovieViewController.m in Sources */,
			);
			runOnlyForDeploymentPostprocessing = 0;
		};
		AAC078351D30FCBE007D08B4 /* Sources */ = {
			isa = PBXSourcesBuildPhase;
			buildActionMask = 2147483647;
			files = (
				AAC0783E1D30FCBE007D08B4 /* ExoticTests.m in Sources */,
			);
			runOnlyForDeploymentPostprocessing = 0;
		};
		AAC078401D30FCBE007D08B4 /* Sources */ = {
			isa = PBXSourcesBuildPhase;
			buildActionMask = 2147483647;
			files = (
				AAC078491D30FCBE007D08B4 /* ExoticUITests.m in Sources */,
			);
			runOnlyForDeploymentPostprocessing = 0;
		};
/* End PBXSourcesBuildPhase section */

/* Begin PBXTargetDependency section */
		AAC0783B1D30FCBE007D08B4 /* PBXTargetDependency */ = {
			isa = PBXTargetDependency;
			target = AAC0781F1D30FCBE007D08B4 /* Exotic */;
			targetProxy = AAC0783A1D30FCBE007D08B4 /* PBXContainerItemProxy */;
		};
		AAC078461D30FCBE007D08B4 /* PBXTargetDependency */ = {
			isa = PBXTargetDependency;
			target = AAC0781F1D30FCBE007D08B4 /* Exotic */;
			targetProxy = AAC078451D30FCBE007D08B4 /* PBXContainerItemProxy */;
		};
/* End PBXTargetDependency section */

/* Begin PBXVariantGroup section */
		AAC0782C1D30FCBE007D08B4 /* Main.storyboard */ = {
			isa = PBXVariantGroup;
			children = (
				AAC0782D1D30FCBE007D08B4 /* Base */,
			);
			name = Main.storyboard;
			sourceTree = "<group>";
		};
		AAC078311D30FCBE007D08B4 /* LaunchScreen.storyboard */ = {
			isa = PBXVariantGroup;
			children = (
				AAC078321D30FCBE007D08B4 /* Base */,
			);
			name = LaunchScreen.storyboard;
			sourceTree = "<group>";
		};
/* End PBXVariantGroup section */

/* Begin XCBuildConfiguration section */
		AAC0784B1D30FCBE007D08B4 /* Debug */ = {
			isa = XCBuildConfiguration;
			buildSettings = {
				ALWAYS_SEARCH_USER_PATHS = NO;
				CLANG_ANALYZER_NONNULL = YES;
				CLANG_CXX_LANGUAGE_STANDARD = "gnu++0x";
				CLANG_CXX_LIBRARY = "libc++";
				CLANG_ENABLE_MODULES = YES;
				CLANG_ENABLE_OBJC_ARC = YES;
				CLANG_WARN_BOOL_CONVERSION = YES;
				CLANG_WARN_CONSTANT_CONVERSION = YES;
				CLANG_WARN_DIRECT_OBJC_ISA_USAGE = YES_ERROR;
				CLANG_WARN_EMPTY_BODY = YES;
				CLANG_WARN_ENUM_CONVERSION = YES;
				CLANG_WARN_INT_CONVERSION = YES;
				CLANG_WARN_OBJC_ROOT_CLASS = YES_ERROR;
				CLANG_WARN_UNREACHABLE_CODE = YES;
				CLANG_WARN__DUPLICATE_METHOD_MATCH = YES;
				"CODE_SIGN_IDENTITY[sdk=iphoneos*]" = "iPhone Developer";
				COPY_PHASE_STRIP = NO;
				DEBUG_INFORMATION_FORMAT = dwarf;
				ENABLE_STRICT_OBJC_MSGSEND = YES;
				ENABLE_TESTABILITY = YES;
				GCC_C_LANGUAGE_STANDARD = gnu99;
				GCC_DYNAMIC_NO_PIC = NO;
				GCC_NO_COMMON_BLOCKS = YES;
				GCC_OPTIMIZATION_LEVEL = 0;
				GCC_PREPROCESSOR_DEFINITIONS = (
					"DEBUG=1",
					"$(inherited)",
				);
				GCC_WARN_64_TO_32_BIT_CONVERSION = YES;
				GCC_WARN_ABOUT_RETURN_TYPE = YES_ERROR;
				GCC_WARN_UNDECLARED_SELECTOR = YES;
				GCC_WARN_UNINITIALIZED_AUTOS = YES_AGGRESSIVE;
				GCC_WARN_UNUSED_FUNCTION = YES;
				GCC_WARN_UNUSED_VARIABLE = YES;
				IPHONEOS_DEPLOYMENT_TARGET = 9.3;
				MTL_ENABLE_DEBUG_INFO = YES;
				ONLY_ACTIVE_ARCH = YES;
				SDKROOT = iphoneos;
			};
			name = Debug;
		};
		AAC0784C1D30FCBE007D08B4 /* Release */ = {
			isa = XCBuildConfiguration;
			buildSettings = {
				ALWAYS_SEARCH_USER_PATHS = NO;
				CLANG_ANALYZER_NONNULL = YES;
				CLANG_CXX_LANGUAGE_STANDARD = "gnu++0x";
				CLANG_CXX_LIBRARY = "libc++";
				CLANG_ENABLE_MODULES = YES;
				CLANG_ENABLE_OBJC_ARC = YES;
				CLANG_WARN_BOOL_CONVERSION = YES;
				CLANG_WARN_CONSTANT_CONVERSION = YES;
				CLANG_WARN_DIRECT_OBJC_ISA_USAGE = YES_ERROR;
				CLANG_WARN_EMPTY_BODY = YES;
				CLANG_WARN_ENUM_CONVERSION = YES;
				CLANG_WARN_INT_CONVERSION = YES;
				CLANG_WARN_OBJC_ROOT_CLASS = YES_ERROR;
				CLANG_WARN_UNREACHABLE_CODE = YES;
				CLANG_WARN__DUPLICATE_METHOD_MATCH = YES;
				"CODE_SIGN_IDENTITY[sdk=iphoneos*]" = "iPhone Developer";
				COPY_PHASE_STRIP = NO;
				DEBUG_INFORMATION_FORMAT = "dwarf-with-dsym";
				ENABLE_NS_ASSERTIONS = NO;
				ENABLE_STRICT_OBJC_MSGSEND = YES;
				GCC_C_LANGUAGE_STANDARD = gnu99;
				GCC_NO_COMMON_BLOCKS = YES;
				GCC_WARN_64_TO_32_BIT_CONVERSION = YES;
				GCC_WARN_ABOUT_RETURN_TYPE = YES_ERROR;
				GCC_WARN_UNDECLARED_SELECTOR = YES;
				GCC_WARN_UNINITIALIZED_AUTOS = YES_AGGRESSIVE;
				GCC_WARN_UNUSED_FUNCTION = YES;
				GCC_WARN_UNUSED_VARIABLE = YES;
				IPHONEOS_DEPLOYMENT_TARGET = 9.3;
				MTL_ENABLE_DEBUG_INFO = NO;
				SDKROOT = iphoneos;
				VALIDATE_PRODUCT = YES;
			};
			name = Release;
		};
		AAC0784E1D30FCBE007D08B4 /* Debug */ = {
			isa = XCBuildConfiguration;
			baseConfigurationReference = E8D1EAF1A3442246743C016A /* Pods-Exotic.debug.xcconfig */;
			buildSettings = {
				ASSETCATALOG_COMPILER_APPICON_NAME = AppIcon;
				INFOPLIST_FILE = Exotic/Info.plist;
				LD_RUNPATH_SEARCH_PATHS = "$(inherited) @executable_path/Frameworks";
				PRODUCT_BUNDLE_IDENTIFIER = Vivian.Exotic;
				PRODUCT_NAME = "$(TARGET_NAME)";
			};
			name = Debug;
		};
		AAC0784F1D30FCBE007D08B4 /* Release */ = {
			isa = XCBuildConfiguration;
			baseConfigurationReference = 9AE7437BDF218427E4926252 /* Pods-Exotic.release.xcconfig */;
			buildSettings = {
				ASSETCATALOG_COMPILER_APPICON_NAME = AppIcon;
				INFOPLIST_FILE = Exotic/Info.plist;
				LD_RUNPATH_SEARCH_PATHS = "$(inherited) @executable_path/Frameworks";
				PRODUCT_BUNDLE_IDENTIFIER = Vivian.Exotic;
				PRODUCT_NAME = "$(TARGET_NAME)";
			};
			name = Release;
		};
		AAC078511D30FCBE007D08B4 /* Debug */ = {
			isa = XCBuildConfiguration;
			buildSettings = {
				BUNDLE_LOADER = "$(TEST_HOST)";
				INFOPLIST_FILE = ExoticTests/Info.plist;
				LD_RUNPATH_SEARCH_PATHS = "$(inherited) @executable_path/Frameworks @loader_path/Frameworks";
				PRODUCT_BUNDLE_IDENTIFIER = Vivian.ExoticTests;
				PRODUCT_NAME = "$(TARGET_NAME)";
				TEST_HOST = "$(BUILT_PRODUCTS_DIR)/Exotic.app/Exotic";
			};
			name = Debug;
		};
		AAC078521D30FCBE007D08B4 /* Release */ = {
			isa = XCBuildConfiguration;
			buildSettings = {
				BUNDLE_LOADER = "$(TEST_HOST)";
				INFOPLIST_FILE = ExoticTests/Info.plist;
				LD_RUNPATH_SEARCH_PATHS = "$(inherited) @executable_path/Frameworks @loader_path/Frameworks";
				PRODUCT_BUNDLE_IDENTIFIER = Vivian.ExoticTests;
				PRODUCT_NAME = "$(TARGET_NAME)";
				TEST_HOST = "$(BUILT_PRODUCTS_DIR)/Exotic.app/Exotic";
			};
			name = Release;
		};
		AAC078541D30FCBE007D08B4 /* Debug */ = {
			isa = XCBuildConfiguration;
			buildSettings = {
				INFOPLIST_FILE = ExoticUITests/Info.plist;
				LD_RUNPATH_SEARCH_PATHS = "$(inherited) @executable_path/Frameworks @loader_path/Frameworks";
				PRODUCT_BUNDLE_IDENTIFIER = Vivian.ExoticUITests;
				PRODUCT_NAME = "$(TARGET_NAME)";
				TEST_TARGET_NAME = Exotic;
			};
			name = Debug;
		};
		AAC078551D30FCBE007D08B4 /* Release */ = {
			isa = XCBuildConfiguration;
			buildSettings = {
				INFOPLIST_FILE = ExoticUITests/Info.plist;
				LD_RUNPATH_SEARCH_PATHS = "$(inherited) @executable_path/Frameworks @loader_path/Frameworks";
				PRODUCT_BUNDLE_IDENTIFIER = Vivian.ExoticUITests;
				PRODUCT_NAME = "$(TARGET_NAME)";
				TEST_TARGET_NAME = Exotic;
			};
			name = Release;
		};
/* End XCBuildConfiguration section */

/* Begin XCConfigurationList section */
		AAC0781B1D30FCBE007D08B4 /* Build configuration list for PBXProject "Exotic" */ = {
			isa = XCConfigurationList;
			buildConfigurations = (
				AAC0784B1D30FCBE007D08B4 /* Debug */,
				AAC0784C1D30FCBE007D08B4 /* Release */,
			);
			defaultConfigurationIsVisible = 0;
			defaultConfigurationName = Release;
		};
		AAC0784D1D30FCBE007D08B4 /* Build configuration list for PBXNativeTarget "Exotic" */ = {
			isa = XCConfigurationList;
			buildConfigurations = (
				AAC0784E1D30FCBE007D08B4 /* Debug */,
				AAC0784F1D30FCBE007D08B4 /* Release */,
			);
			defaultConfigurationIsVisible = 0;
			defaultConfigurationName = Release;
		};
		AAC078501D30FCBE007D08B4 /* Build configuration list for PBXNativeTarget "ExoticTests" */ = {
			isa = XCConfigurationList;
			buildConfigurations = (
				AAC078511D30FCBE007D08B4 /* Debug */,
				AAC078521D30FCBE007D08B4 /* Release */,
			);
			defaultConfigurationIsVisible = 0;
			defaultConfigurationName = Release;
		};
		AAC078531D30FCBE007D08B4 /* Build configuration list for PBXNativeTarget "ExoticUITests" */ = {
			isa = XCConfigurationList;
			buildConfigurations = (
				AAC078541D30FCBE007D08B4 /* Debug */,
				AAC078551D30FCBE007D08B4 /* Release */,
			);
			defaultConfigurationIsVisible = 0;
			defaultConfigurationName = Release;
		};
/* End XCConfigurationList section */

/* Begin XCVersionGroup section */
		A02722521DAF5B4400B9B1FC /* Model.xcdatamodeld */ = {
			isa = XCVersionGroup;
			children = (
				A02722531DAF5B4400B9B1FC /* Model.xcdatamodel */,
			);
			currentVersion = A02722531DAF5B4400B9B1FC /* Model.xcdatamodel */;
			path = Model.xcdatamodeld;
			sourceTree = "<group>";
			versionGroupType = wrapper.xcdatamodel;
		};
/* End XCVersionGroup section */
	};
	rootObject = AAC078181D30FCBE007D08B4 /* Project object */;
}
